
Microsoft Visual Studio Solution File, Format Version 12.00
# Visual Studio Version 17
VisualStudioVersion = 17.0.32112.339
MinimumVisualStudioVersion = 10.0.40219.1
Project("{FAE04EC0-301F-11D3-BF4B-00C04F79EFBC}") = "TddBook", "TddBook\TddBook.csproj", "{0154A81E-DFCE-41B4-B095-FCDBFA0472D8}"
EndProject
Project("{FAE04EC0-301F-11D3-BF4B-00C04F79EFBC}") = "TddBook.Tests.Integration", "TddBook.Tests.Integration\TddBook.Tests.Integration.csproj", "{4CA0D853-AAC1-48B7-AC75-4E8DE932770D}"
EndProject
Project("{FAE04EC0-301F-11D3-BF4B-00C04F79EFBC}") = "TddBook.Tests.Unit", "TddBook.Tests.Unit\TddBook.Tests.Unit.csproj", "{85C5EDB0-E4FD-4B80-A8FD-790DCB23DA8F}"
EndProject
Project("{FAE04EC0-301F-11D3-BF4B-00C04F79EFBC}") = "TddBook.Tests.Specifications", "TddBook.Tests.Specifications\TddBook.Tests.Specifications.csproj", "{51960C27-DC23-48E0-81A6-ADF6B546FAC4}"
EndProject
Global
	GlobalSection(SolutionConfigurationPlatforms) = preSolution
		Debug|Any CPU = Debug|Any CPU
		Release|Any CPU = Release|Any CPU
	EndGlobalSection
	GlobalSection(ProjectConfigurationPlatforms) = postSolution
		{0154A81E-DFCE-41B4-B095-FCDBFA0472D8}.Debug|Any CPU.ActiveCfg = Debug|Any CPU
		{0154A81E-DFCE-41B4-B095-FCDBFA0472D8}.Debug|Any CPU.Build.0 = Debug|Any CPU
		{0154A81E-DFCE-41B4-B095-FCDBFA0472D8}.Release|Any CPU.ActiveCfg = Release|Any CPU
		{0154A81E-DFCE-41B4-B095-FCDBFA0472D8}.Release|Any CPU.Build.0 = Release|Any CPU
		{4CA0D853-AAC1-48B7-AC75-4E8DE932770D}.Debug|Any CPU.ActiveCfg = Debug|Any CPU
		{4CA0D853-AAC1-48B7-AC75-4E8DE932770D}.Debug|Any CPU.Build.0 = Debug|Any CPU
		{4CA0D853-AAC1-48B7-AC75-4E8DE932770D}.Release|Any CPU.ActiveCfg = Release|Any CPU
		{4CA0D853-AAC1-48B7-AC75-4E8DE932770D}.Release|Any CPU.Build.0 = Release|Any CPU
		{85C5EDB0-E4FD-4B80-A8FD-790DCB23DA8F}.Debug|Any CPU.ActiveCfg = Debug|Any CPU
		{85C5EDB0-E4FD-4B80-A8FD-790DCB23DA8F}.Debug|Any CPU.Build.0 = Debug|Any CPU
		{85C5EDB0-E4FD-4B80-A8FD-790DCB23DA8F}.Release|Any CPU.ActiveCfg = Release|Any CPU
		{85C5EDB0-E4FD-4B80-A8FD-790DCB23DA8F}.Release|Any CPU.Build.0 = Release|Any CPU
		{51960C27-DC23-48E0-81A6-ADF6B546FAC4}.Debug|Any CPU.ActiveCfg = Debug|Any CPU
		{51960C27-DC23-48E0-81A6-ADF6B546FAC4}.Debug|Any CPU.Build.0 = Debug|Any CPU
		{51960C27-DC23-48E0-81A6-ADF6B546FAC4}.Release|Any CPU.ActiveCfg = Release|Any CPU
		{51960C27-DC23-48E0-81A6-ADF6B546FAC4}.Release|Any CPU.Build.0 = Release|Any CPU
	EndGlobalSection
	GlobalSection(SolutionProperties) = preSolution
		HideSolutionNode = FALSE
	EndGlobalSection
	GlobalSection(ExtensibilityGlobals) = postSolution
		SolutionGuid = {15D1FBDC-B043-44EC-9556-DB44AF3551F6}
	EndGlobalSection
EndGlobal
